// !$*UTF8*$!
{
	archiveVersion = 1;
	classes = {
	};
	objectVersion = 46;
	objects = {

/* Begin PBXBuildFile section */
		0A4E1B5A13DC959C00057A5E /* UIKit.framework in Frameworks */ = {isa = PBXBuildFile; fileRef = 0A4E1B5913DC959C00057A5E /* UIKit.framework */; };
		0A4E1B5C13DC959C00057A5E /* Foundation.framework in Frameworks */ = {isa = PBXBuildFile; fileRef = 0A4E1B5B13DC959C00057A5E /* Foundation.framework */; };
		0A4E1B5E13DC959C00057A5E /* CoreGraphics.framework in Frameworks */ = {isa = PBXBuildFile; fileRef = 0A4E1B5D13DC959C00057A5E /* CoreGraphics.framework */; };
		0A4E1B6413DC959C00057A5E /* InfoPlist.strings in Resources */ = {isa = PBXBuildFile; fileRef = 0A4E1B6213DC959C00057A5E /* InfoPlist.strings */; };
		0A4E1B6613DC959C00057A5E /* main.m in Sources */ = {isa = PBXBuildFile; fileRef = 0A4E1B6513DC959C00057A5E /* main.m */; };
		0A4E1B6A13DC959C00057A5E /* TwitterMapTestAppDelegate.m in Sources */ = {isa = PBXBuildFile; fileRef = 0A4E1B6913DC959C00057A5E /* TwitterMapTestAppDelegate.m */; };
		0A4E1B6D13DC959C00057A5E /* MainStoryboard.storyboard in Resources */ = {isa = PBXBuildFile; fileRef = 0A4E1B6B13DC959C00057A5E /* MainStoryboard.storyboard */; };
		0A4E1B6F13DC959C00057A5E /* TwitterMapTestViewController.h in Resources */ = {isa = PBXBuildFile; fileRef = 0A4E1B6E13DC959C00057A5E /* TwitterMapTestViewController.h */; };
		0A4E1B7113DC959C00057A5E /* TwitterMapTestViewController.m in Sources */ = {isa = PBXBuildFile; fileRef = 0A4E1B7013DC959C00057A5E /* TwitterMapTestViewController.m */; };
		0A4E1B7813DC966900057A5E /* MapKit.framework in Frameworks */ = {isa = PBXBuildFile; fileRef = 0A4E1B7713DC966900057A5E /* MapKit.framework */; };
		0A4E1B8013DCB19800057A5E /* adorable.png in Resources */ = {isa = PBXBuildFile; fileRef = 0A4E1B7F13DCB19800057A5E /* adorable.png */; };
/* End PBXBuildFile section */

/* Begin PBXFileReference section */
		0A4E1B5513DC959C00057A5E /* TwitterMapTest.app */ = {isa = PBXFileReference; explicitFileType = wrapper.application; includeInIndex = 0; path = TwitterMapTest.app; sourceTree = BUILT_PRODUCTS_DIR; };
		0A4E1B5913DC959C00057A5E /* UIKit.framework */ = {isa = PBXFileReference; lastKnownFileType = wrapper.framework; name = UIKit.framework; path = System/Library/Frameworks/UIKit.framework; sourceTree = SDKROOT; };
		0A4E1B5B13DC959C00057A5E /* Foundation.framework */ = {isa = PBXFileReference; lastKnownFileType = wrapper.framework; name = Foundation.framework; path = System/Library/Frameworks/Foundation.framework; sourceTree = SDKROOT; };
		0A4E1B5D13DC959C00057A5E /* CoreGraphics.framework */ = {isa = PBXFileReference; lastKnownFileType = wrapper.framework; name = CoreGraphics.framework; path = System/Library/Frameworks/CoreGraphics.framework; sourceTree = SDKROOT; };
		0A4E1B6113DC959C00057A5E /* TwitterMapTest-Info.plist */ = {isa = PBXFileReference; lastKnownFileType = text.plist.xml; path = "TwitterMapTest-Info.plist"; sourceTree = "<group>"; };
		0A4E1B6313DC959C00057A5E /* en */ = {isa = PBXFileReference; lastKnownFileType = text.plist.strings; name = en; path = en.lproj/InfoPlist.strings; sourceTree = "<group>"; };
		0A4E1B6513DC959C00057A5E /* main.m */ = {isa = PBXFileReference; lastKnownFileType = sourcecode.c.objc; path = main.m; sourceTree = "<group>"; };
		0A4E1B6713DC959C00057A5E /* TwitterMapTest-Prefix.pch */ = {isa = PBXFileReference; lastKnownFileType = sourcecode.c.h; path = "TwitterMapTest-Prefix.pch"; sourceTree = "<group>"; };
		0A4E1B6813DC959C00057A5E /* TwitterMapTestAppDelegate.h */ = {isa = PBXFileReference; lastKnownFileType = sourcecode.c.h; path = TwitterMapTestAppDelegate.h; sourceTree = "<group>"; };
		0A4E1B6913DC959C00057A5E /* TwitterMapTestAppDelegate.m */ = {isa = PBXFileReference; lastKnownFileType = sourcecode.c.objc; path = TwitterMapTestAppDelegate.m; sourceTree = "<group>"; };
		0A4E1B6C13DC959C00057A5E /* en */ = {isa = PBXFileReference; lastKnownFileType = file.storyboard; name = en; path = en.lproj/MainStoryboard.storyboard; sourceTree = "<group>"; };
		0A4E1B6E13DC959C00057A5E /* TwitterMapTestViewController.h */ = {isa = PBXFileReference; lastKnownFileType = sourcecode.c.h; path = TwitterMapTestViewController.h; sourceTree = "<group>"; };
		0A4E1B7013DC959C00057A5E /* TwitterMapTestViewController.m */ = {isa = PBXFileReference; lastKnownFileType = sourcecode.c.objc; path = TwitterMapTestViewController.m; sourceTree = "<group>"; };
		0A4E1B7713DC966900057A5E /* MapKit.framework */ = {isa = PBXFileReference; lastKnownFileType = wrapper.framework; name = MapKit.framework; path = System/Library/Frameworks/MapKit.framework; sourceTree = SDKROOT; };
		0A4E1B7F13DCB19800057A5E /* adorable.png */ = {isa = PBXFileReference; lastKnownFileType = image.png; path = adorable.png; sourceTree = "<group>"; };
/* End PBXFileReference section */

/* Begin PBXFrameworksBuildPhase section */
		0A4E1B5213DC959C00057A5E /* Frameworks */ = {
			isa = PBXFrameworksBuildPhase;
			buildActionMask = 2147483647;
			files = (
				0A4E1B7813DC966900057A5E /* MapKit.framework in Frameworks */,
				0A4E1B5A13DC959C00057A5E /* UIKit.framework in Frameworks */,
				0A4E1B5C13DC959C00057A5E /* Foundation.framework in Frameworks */,
				0A4E1B5E13DC959C00057A5E /* CoreGraphics.framework in Frameworks */,
			);
			runOnlyForDeploymentPostprocessing = 0;
		};
/* End PBXFrameworksBuildPhase section */

/* Begin PBXGroup section */
		0A4E1B4A13DC959C00057A5E = {
			isa = PBXGroup;
			children = (
				0A4E1B5F13DC959C00057A5E /* TwitterMapTest */,
				0A4E1B5813DC959C00057A5E /* Frameworks */,
				0A4E1B5613DC959C00057A5E /* Products */,
			);
			sourceTree = "<group>";
		};
		0A4E1B5613DC959C00057A5E /* Products */ = {
			isa = PBXGroup;
			children = (
				0A4E1B5513DC959C00057A5E /* TwitterMapTest.app */,
			);
			name = Products;
			sourceTree = "<group>";
		};
		0A4E1B5813DC959C00057A5E /* Frameworks */ = {
			isa = PBXGroup;
			children = (
				0A4E1B7713DC966900057A5E /* MapKit.framework */,
				0A4E1B5913DC959C00057A5E /* UIKit.framework */,
				0A4E1B5B13DC959C00057A5E /* Foundation.framework */,
				0A4E1B5D13DC959C00057A5E /* CoreGraphics.framework */,
			);
			name = Frameworks;
			sourceTree = "<group>";
		};
		0A4E1B5F13DC959C00057A5E /* TwitterMapTest */ = {
			isa = PBXGroup;
			children = (
				0A4E1B7F13DCB19800057A5E /* adorable.png */,
				0A4E1B6813DC959C00057A5E /* TwitterMapTestAppDelegate.h */,
				0A4E1B6913DC959C00057A5E /* TwitterMapTestAppDelegate.m */,
				0A4E1B6B13DC959C00057A5E /* MainStoryboard.storyboard */,
				0A4E1B6E13DC959C00057A5E /* TwitterMapTestViewController.h */,
				0A4E1B7013DC959C00057A5E /* TwitterMapTestViewController.m */,
				0A4E1B6013DC959C00057A5E /* Supporting Files */,
			);
			path = TwitterMapTest;
			sourceTree = "<group>";
		};
		0A4E1B6013DC959C00057A5E /* Supporting Files */ = {
			isa = PBXGroup;
			children = (
				0A4E1B6113DC959C00057A5E /* TwitterMapTest-Info.plist */,
				0A4E1B6213DC959C00057A5E /* InfoPlist.strings */,
				0A4E1B6513DC959C00057A5E /* main.m */,
				0A4E1B6713DC959C00057A5E /* TwitterMapTest-Prefix.pch */,
			);
			name = "Supporting Files";
			sourceTree = "<group>";
		};
/* End PBXGroup section */

/* Begin PBXNativeTarget section */
		0A4E1B5413DC959C00057A5E /* TwitterMapTest */ = {
			isa = PBXNativeTarget;
			buildConfigurationList = 0A4E1B7413DC959C00057A5E /* Build configuration list for PBXNativeTarget "TwitterMapTest" */;
			buildPhases = (
				0A4E1B5113DC959C00057A5E /* Sources */,
				0A4E1B5213DC959C00057A5E /* Frameworks */,
				0A4E1B5313DC959C00057A5E /* Resources */,
			);
			buildRules = (
			);
			dependencies = (
			);
			name = TwitterMapTest;
			productName = TwitterMapTest;
			productReference = 0A4E1B5513DC959C00057A5E /* TwitterMapTest.app */;
			productType = "com.apple.product-type.application";
		};
/* End PBXNativeTarget section */

/* Begin PBXProject section */
		0A4E1B4C13DC959C00057A5E /* Project object */ = {
			isa = PBXProject;
			attributes = {
				ORGANIZATIONNAME = "-";
			};
			buildConfigurationList = 0A4E1B4F13DC959C00057A5E /* Build configuration list for PBXProject "TwitterMapTest" */;
			compatibilityVersion = "Xcode 3.2";
			developmentRegion = English;
			hasScannedForEncodings = 0;
			knownRegions = (
				en,
			);
			mainGroup = 0A4E1B4A13DC959C00057A5E;
			productRefGroup = 0A4E1B5613DC959C00057A5E /* Products */;
			projectDirPath = "";
			projectRoot = "";
			targets = (
				0A4E1B5413DC959C00057A5E /* TwitterMapTest */,
			);
		};
/* End PBXProject section */

/* Begin PBXResourcesBuildPhase section */
		0A4E1B5313DC959C00057A5E /* Resources */ = {
			isa = PBXResourcesBuildPhase;
			buildActionMask = 2147483647;
			files = (
				0A4E1B6413DC959C00057A5E /* InfoPlist.strings in Resources */,
				0A4E1B6D13DC959C00057A5E /* MainStoryboard.storyboard in Resources */,
				0A4E1B6F13DC959C00057A5E /* TwitterMapTestViewController.h in Resources */,
				0A4E1B8013DCB19800057A5E /* adorable.png in Resources */,
			);
			runOnlyForDeploymentPostprocessing = 0;
		};
/* End PBXResourcesBuildPhase section */

/* Begin PBXSourcesBuildPhase section */
		0A4E1B5113DC959C00057A5E /* Sources */ = {
			isa = PBXSourcesBuildPhase;
			buildActionMask = 2147483647;
			files = (
				0A4E1B6613DC959C00057A5E /* main.m in Sources */,
				0A4E1B6A13DC959C00057A5E /* TwitterMapTestAppDelegate.m in Sources */,
				0A4E1B7113DC959C00057A5E /* TwitterMapTestViewController.m in Sources */,
			);
			runOnlyForDeploymentPostprocessing = 0;
		};
/* End PBXSourcesBuildPhase section */

/* Begin PBXVariantGroup section */
		0A4E1B6213DC959C00057A5E /* InfoPlist.strings */ = {
			isa = PBXVariantGroup;
			children = (
				0A4E1B6313DC959C00057A5E /* en */,
			);
			name = InfoPlist.strings;
			sourceTree = "<group>";
		};
		0A4E1B6B13DC959C00057A5E /* MainStoryboard.storyboard */ = {
			isa = PBXVariantGroup;
			children = (
				0A4E1B6C13DC959C00057A5E /* en */,
			);
			name = MainStoryboard.storyboard;
			sourceTree = "<group>";
		};
/* End PBXVariantGroup section */

/* Begin XCBuildConfiguration section */
		0A4E1B7213DC959C00057A5E /* Debug */ = {
			isa = XCBuildConfiguration;
			buildSettings = {
				ALWAYS_SEARCH_USER_PATHS = NO;
				ARCHS = "$(ARCHS_STANDARD_32_BIT)";
				CLANG_ENABLE_OBJC_ARC = YES;
				"CODE_SIGN_IDENTITY[sdk=iphoneos*]" = "iPhone Developer";
				COPY_PHASE_STRIP = NO;
				GCC_C_LANGUAGE_STANDARD = gnu99;
				GCC_DYNAMIC_NO_PIC = NO;
				GCC_OPTIMIZATION_LEVEL = 0;
				GCC_PREPROCESSOR_DEFINITIONS = (
					"DEBUG=1",
					"$(inherited)",
				);
				GCC_SYMBOLS_PRIVATE_EXTERN = NO;
				GCC_VERSION = com.apple.compilers.llvm.clang.1_0;
				GCC_WARN_ABOUT_MISSING_PROTOTYPES = YES;
				GCC_WARN_ABOUT_RETURN_TYPE = YES;
				GCC_WARN_UNUSED_VARIABLE = YES;
				IPHONEOS_DEPLOYMENT_TARGET = 5.0;
				SDKROOT = iphoneos;
			};
			name = Debug;
		};
		0A4E1B7313DC959C00057A5E /* Release */ = {
			isa = XCBuildConfiguration;
			buildSettings = {
				ALWAYS_SEARCH_USER_PATHS = NO;
				ARCHS = "$(ARCHS_STANDARD_32_BIT)";
				CLANG_ENABLE_OBJC_ARC = YES;
				"CODE_SIGN_IDENTITY[sdk=iphoneos*]" = "iPhone Developer";
				COPY_PHASE_STRIP = YES;
				GCC_C_LANGUAGE_STANDARD = gnu99;
				GCC_VERSION = com.apple.compilers.llvm.clang.1_0;
				GCC_WARN_ABOUT_MISSING_PROTOTYPES = YES;
				GCC_WARN_ABOUT_RETURN_TYPE = YES;
				GCC_WARN_UNUSED_VARIABLE = YES;
				IPHONEOS_DEPLOYMENT_TARGET = 5.0;
				OTHER_CFLAGS = "-DNS_BLOCK_ASSERTIONS=1";
				SDKROOT = iphoneos;
				VALIDATE_PRODUCT = YES;
			};
			name = Release;
		};
		0A4E1B7513DC959C00057A5E /* Debug */ = {
			isa = XCBuildConfiguration;
			buildSettings = {
				GCC_PRECOMPILE_PREFIX_HEADER = YES;
				GCC_PREFIX_HEADER = "TwitterMapTest/TwitterMapTest-Prefix.pch";
				INFOPLIST_FILE = "TwitterMapTest/TwitterMapTest-Info.plist";
				PRODUCT_NAME = "$(TARGET_NAME)";
				WRAPPER_EXTENSION = app;
			};
			name = Debug;
		};
		0A4E1B7613DC959C00057A5E /* Release */ = {
			isa = XCBuildConfiguration;
			buildSettings = {
				GCC_PRECOMPILE_PREFIX_HEADER = YES;
				GCC_PREFIX_HEADER = "TwitterMapTest/TwitterMapTest-Prefix.pch";
				INFOPLIST_FILE = "TwitterMapTest/TwitterMapTest-Info.plist";
				PRODUCT_NAME = "$(TARGET_NAME)";
				WRAPPER_EXTENSION = app;
			};
			name = Release;
		};
/* End XCBuildConfiguration section */

/* Begin XCConfigurationList section */
		0A4E1B4F13DC959C00057A5E /* Build configuration list for PBXProject "TwitterMapTest" */ = {
			isa = XCConfigurationList;
			buildConfigurations = (
				0A4E1B7213DC959C00057A5E /* Debug */,
				0A4E1B7313DC959C00057A5E /* Release */,
			);
			defaultConfigurationIsVisible = 0;
			defaultConfigurationName = Release;
		};
		0A4E1B7413DC959C00057A5E /* Build configuration list for PBXNativeTarget "TwitterMapTest" */ = {
			isa = XCConfigurationList;
			buildConfigurations = (
				0A4E1B7513DC959C00057A5E /* Debug */,
				0A4E1B7613DC959C00057A5E /* Release */,
			);
			defaultConfigurationIsVisible = 0;
		};
/* End XCConfigurationList section */
	};
	rootObject = 0A4E1B4C13DC959C00057A5E /* Project object */;
}
